
Microsoft Visual Studio Solution File, Format Version 12.00
# Visual Studio Version 17
VisualStudioVersion = 17.10.35201.131
MinimumVisualStudioVersion = 10.0.40219.1
Project("{FAE04EC0-301F-11D3-BF4B-00C04F79EFBC}") = "2023-day-10", "2023-day-10\2023-day-10.csproj", "{AAF913D9-E992-430C-854A-D6494BD2EEC1}"
EndProject
Global
	GlobalSection(SolutionConfigurationPlatforms) = preSolution
		Debug|Any CPU = Debug|Any CPU
		Release|Any CPU = Release|Any CPU
	EndGlobalSection
	GlobalSection(ProjectConfigurationPlatforms) = postSolution
		{AAF913D9-E992-430C-854A-D6494BD2EEC1}.Debug|Any CPU.ActiveCfg = Debug|Any CPU
		{AAF913D9-E992-430C-854A-D6494BD2EEC1}.Debug|Any CPU.Build.0 = Debug|Any CPU
		{AAF913D9-E992-430C-854A-D6494BD2EEC1}.Release|Any CPU.ActiveCfg = Release|Any CPU
		{AAF913D9-E992-430C-854A-D6494BD2EEC1}.Release|Any CPU.Build.0 = Release|Any CPU
	EndGlobalSection
	GlobalSection(SolutionProperties) = preSolution
		HideSolutionNode = FALSE
	EndGlobalSection
	GlobalSection(ExtensibilityGlobals) = postSolution
		SolutionGuid = {EC692C13-9572-462E-858A-6D5DD28166F6}
	EndGlobalSection
EndGlobal
